
Microsoft Visual Studio Solution File, Format Version 12.00
# Visual Studio Version 17
VisualStudioVersion = 17.4.33213.308
MinimumVisualStudioVersion = 10.0.40219.1
Project("{E24C65DC-7377-472B-9ABA-BC803B73C61A}") = "Online Shopping", "Online Shopping\", "{835D463A-1D1E-4406-B000-78FA6308B012}"
	ProjectSection(WebsiteProperties) = preProject
		TargetFrameworkMoniker = ".NETFramework,Version%3Dv4.7.2"
		Debug.AspNetCompiler.VirtualPath = "/localhost_60023"
		Debug.AspNetCompiler.PhysicalPath = "Online Shopping\"
		Debug.AspNetCompiler.TargetPath = "PrecompiledWeb\localhost_60023\"
		Debug.AspNetCompiler.Updateable = "true"
		Debug.AspNetCompiler.ForceOverwrite = "true"
		Debug.AspNetCompiler.FixedNames = "false"
		Debug.AspNetCompiler.Debug = "True"
		Release.AspNetCompiler.VirtualPath = "/localhost_60023"
		Release.AspNetCompiler.PhysicalPath = "Online Shopping\"
		Release.AspNetCompiler.TargetPath = "PrecompiledWeb\localhost_60023\"
		Release.AspNetCompiler.Updateable = "true"
		Release.AspNetCompiler.ForceOverwrite = "true"
		Release.AspNetCompiler.FixedNames = "false"
		Release.AspNetCompiler.Debug = "False"
		VWDPort = "60023"
		SlnRelativePath = "Online Shopping\"
		DefaultWebSiteLanguage = "Visual C#"
	EndProjectSection
EndProject
Global
	GlobalSection(SolutionConfigurationPlatforms) = preSolution
		Debug|Any CPU = Debug|Any CPU
	EndGlobalSection
	GlobalSection(ProjectConfigurationPlatforms) = postSolution
		{835D463A-1D1E-4406-B000-78FA6308B012}.Debug|Any CPU.ActiveCfg = Debug|Any CPU
		{835D463A-1D1E-4406-B000-78FA6308B012}.Debug|Any CPU.Build.0 = Debug|Any CPU
	EndGlobalSection
	GlobalSection(SolutionProperties) = preSolution
		HideSolutionNode = FALSE
	EndGlobalSection
	GlobalSection(ExtensibilityGlobals) = postSolution
		SolutionGuid = {1F5ABFAB-A656-4190-8C27-8E84837F86AB}
	EndGlobalSection
EndGlobal
